// !$*UTF8*$!
{
	archiveVersion = 1;
	classes = {
	};
	objectVersion = 50;
	objects = {

/* Begin PBXBuildFile section */
		FB2B82AC25DA894F0093969D /* RateMeApp.swift in Sources */ = {isa = PBXBuildFile; fileRef = FB2B829925DA894E0093969D /* RateMeApp.swift */; };
		FB2B82AD25DA894F0093969D /* RateMeApp.swift in Sources */ = {isa = PBXBuildFile; fileRef = FB2B829925DA894E0093969D /* RateMeApp.swift */; };
		FB2B82AE25DA894F0093969D /* InitialView.swift in Sources */ = {isa = PBXBuildFile; fileRef = FB2B829A25DA894E0093969D /* InitialView.swift */; };
		FB2B82AF25DA894F0093969D /* InitialView.swift in Sources */ = {isa = PBXBuildFile; fileRef = FB2B829A25DA894E0093969D /* InitialView.swift */; };
		FB2B82B025DA894F0093969D /* Assets.xcassets in Resources */ = {isa = PBXBuildFile; fileRef = FB2B829B25DA894F0093969D /* Assets.xcassets */; };
		FB2B82B125DA894F0093969D /* Assets.xcassets in Resources */ = {isa = PBXBuildFile; fileRef = FB2B829B25DA894F0093969D /* Assets.xcassets */; };
		FB2B82C825DA90AD0093969D /* SidebarView.swift in Sources */ = {isa = PBXBuildFile; fileRef = FB2B82C725DA90AD0093969D /* SidebarView.swift */; };
		FB2B82CB25DA92040093969D /* SidebarView.swift in Sources */ = {isa = PBXBuildFile; fileRef = FB2B82C725DA90AD0093969D /* SidebarView.swift */; };
		FB2B82E225DA9ED70093969D /* Localizable.strings in Resources */ = {isa = PBXBuildFile; fileRef = FB2B82E525DA9ED70093969D /* Localizable.strings */; };
		FB2B82E325DA9ED70093969D /* Localizable.strings in Resources */ = {isa = PBXBuildFile; fileRef = FB2B82E525DA9ED70093969D /* Localizable.strings */; };
		FB2B82EA25DAA3EB0093969D /* TabbarView.swift in Sources */ = {isa = PBXBuildFile; fileRef = FB2B82E925DAA3EB0093969D /* TabbarView.swift */; };
		FB2B82EB25DAA3EB0093969D /* TabbarView.swift in Sources */ = {isa = PBXBuildFile; fileRef = FB2B82E925DAA3EB0093969D /* TabbarView.swift */; };
		FB2B82F225DAA4760093969D /* Icons.swift in Sources */ = {isa = PBXBuildFile; fileRef = FB2B82F125DAA4760093969D /* Icons.swift */; };
		FB2B82F325DAA4760093969D /* Icons.swift in Sources */ = {isa = PBXBuildFile; fileRef = FB2B82F125DAA4760093969D /* Icons.swift */; };
		FB2B82FB25DAB2FB0093969D /* Localizable.strings in Resources */ = {isa = PBXBuildFile; fileRef = FB2B82FE25DAB2FB0093969D /* Localizable.strings */; };
		FB2B82FC25DAB2FB0093969D /* Localizable.strings in Resources */ = {isa = PBXBuildFile; fileRef = FB2B82FE25DAB2FB0093969D /* Localizable.strings */; };
		FB2B830225DAB4B20093969D /* Localizable.swift in Sources */ = {isa = PBXBuildFile; fileRef = FB2B830125DAB4B20093969D /* Localizable.swift */; };
		FB2B830325DAB4B20093969D /* Localizable.swift in Sources */ = {isa = PBXBuildFile; fileRef = FB2B830125DAB4B20093969D /* Localizable.swift */; };
/* End PBXBuildFile section */

/* Begin PBXFileReference section */
		FB2B829925DA894E0093969D /* RateMeApp.swift */ = {isa = PBXFileReference; lastKnownFileType = sourcecode.swift; path = RateMeApp.swift; sourceTree = "<group>"; };
		FB2B829A25DA894E0093969D /* InitialView.swift */ = {isa = PBXFileReference; lastKnownFileType = sourcecode.swift; path = InitialView.swift; sourceTree = "<group>"; };
		FB2B829B25DA894F0093969D /* Assets.xcassets */ = {isa = PBXFileReference; lastKnownFileType = folder.assetcatalog; path = Assets.xcassets; sourceTree = "<group>"; };
		FB2B82A025DA894F0093969D /* RateMe.app */ = {isa = PBXFileReference; explicitFileType = wrapper.application; includeInIndex = 0; path = RateMe.app; sourceTree = BUILT_PRODUCTS_DIR; };
		FB2B82A325DA894F0093969D /* Info.plist */ = {isa = PBXFileReference; lastKnownFileType = text.plist.xml; path = Info.plist; sourceTree = "<group>"; };
		FB2B82A825DA894F0093969D /* RateMe.app */ = {isa = PBXFileReference; explicitFileType = wrapper.application; includeInIndex = 0; path = RateMe.app; sourceTree = BUILT_PRODUCTS_DIR; };
		FB2B82AA25DA894F0093969D /* Info.plist */ = {isa = PBXFileReference; lastKnownFileType = text.plist.xml; path = Info.plist; sourceTree = "<group>"; };
		FB2B82AB25DA894F0093969D /* macOS.entitlements */ = {isa = PBXFileReference; lastKnownFileType = text.plist.entitlements; path = macOS.entitlements; sourceTree = "<group>"; };
		FB2B82BC25DA896A0093969D /* RateMe.entitlements */ = {isa = PBXFileReference; lastKnownFileType = text.plist.entitlements; path = RateMe.entitlements; sourceTree = "<group>"; };
		FB2B82C725DA90AD0093969D /* SidebarView.swift */ = {isa = PBXFileReference; lastKnownFileType = sourcecode.swift; path = SidebarView.swift; sourceTree = "<group>"; };
		FB2B82E425DA9ED70093969D /* ru */ = {isa = PBXFileReference; lastKnownFileType = text.plist.strings; name = ru; path = ru.lproj/Localizable.strings; sourceTree = "<group>"; };
		FB2B82E925DAA3EB0093969D /* TabbarView.swift */ = {isa = PBXFileReference; lastKnownFileType = sourcecode.swift; path = TabbarView.swift; sourceTree = "<group>"; };
		FB2B82F125DAA4760093969D /* Icons.swift */ = {isa = PBXFileReference; lastKnownFileType = sourcecode.swift; path = Icons.swift; sourceTree = "<group>"; };
		FB2B82FD25DAB2FB0093969D /* en */ = {isa = PBXFileReference; lastKnownFileType = text.plist.strings; name = en; path = en.lproj/Localizable.strings; sourceTree = "<group>"; };
		FB2B830125DAB4B20093969D /* Localizable.swift */ = {isa = PBXFileReference; lastKnownFileType = sourcecode.swift; path = Localizable.swift; sourceTree = "<group>"; };
/* End PBXFileReference section */

/* Begin PBXFrameworksBuildPhase section */
		FB2B829D25DA894F0093969D /* Frameworks */ = {
			isa = PBXFrameworksBuildPhase;
			buildActionMask = 2147483647;
			files = (
			);
			runOnlyForDeploymentPostprocessing = 0;
		};
		FB2B82A525DA894F0093969D /* Frameworks */ = {
			isa = PBXFrameworksBuildPhase;
			buildActionMask = 2147483647;
			files = (
			);
			runOnlyForDeploymentPostprocessing = 0;
		};
/* End PBXFrameworksBuildPhase section */

/* Begin PBXGroup section */
		FB2B829325DA894D0093969D = {
			isa = PBXGroup;
			children = (
				FB2B82BC25DA896A0093969D /* RateMe.entitlements */,
				FB2B829825DA894E0093969D /* Shared */,
				FB2B82A225DA894F0093969D /* iOS */,
				FB2B82A925DA894F0093969D /* macOS */,
				FB2B82A125DA894F0093969D /* Products */,
			);
			sourceTree = "<group>";
		};
		FB2B829825DA894E0093969D /* Shared */ = {
			isa = PBXGroup;
			children = (
				FB2B82C525DA90860093969D /* Modules */,
				FB2B82D225DA94A40093969D /* Resources */,
			);
			path = Shared;
			sourceTree = "<group>";
		};
		FB2B82A125DA894F0093969D /* Products */ = {
			isa = PBXGroup;
			children = (
				FB2B82A025DA894F0093969D /* RateMe.app */,
				FB2B82A825DA894F0093969D /* RateMe.app */,
			);
			name = Products;
			sourceTree = "<group>";
		};
		FB2B82A225DA894F0093969D /* iOS */ = {
			isa = PBXGroup;
			children = (
				FB2B82A325DA894F0093969D /* Info.plist */,
			);
			path = iOS;
			sourceTree = "<group>";
		};
		FB2B82A925DA894F0093969D /* macOS */ = {
			isa = PBXGroup;
			children = (
				FB2B82AA25DA894F0093969D /* Info.plist */,
				FB2B82AB25DA894F0093969D /* macOS.entitlements */,
			);
			path = macOS;
			sourceTree = "<group>";
		};
		FB2B82C525DA90860093969D /* Modules */ = {
			isa = PBXGroup;
			children = (
				FB2B82E825DAA3C40093969D /* Tabbar */,
				FB2B82C625DA908F0093969D /* Sidebar */,
				FB2B82EE25DAA3F30093969D /* Main */,
			);
			path = Modules;
			sourceTree = "<group>";
		};
		FB2B82C625DA908F0093969D /* Sidebar */ = {
			isa = PBXGroup;
			children = (
				FB2B82C725DA90AD0093969D /* SidebarView.swift */,
			);
			path = Sidebar;
			sourceTree = "<group>";
		};
		FB2B82D225DA94A40093969D /* Resources */ = {
			isa = PBXGroup;
			children = (
				FB2B82DA25DA9EA00093969D /* Localizable */,
				FB2B82D325DA94B60093969D /* Images */,
			);
			path = Resources;
			sourceTree = "<group>";
		};
		FB2B82D325DA94B60093969D /* Images */ = {
			isa = PBXGroup;
			children = (
				FB2B829B25DA894F0093969D /* Assets.xcassets */,
				FB2B82F125DAA4760093969D /* Icons.swift */,
			);
			path = Images;
			sourceTree = "<group>";
		};
		FB2B82DA25DA9EA00093969D /* Localizable */ = {
			isa = PBXGroup;
			children = (
				FB2B82E525DA9ED70093969D /* Localizable.strings */,
				FB2B82FE25DAB2FB0093969D /* Localizable.strings */,
				FB2B830125DAB4B20093969D /* Localizable.swift */,
			);
			path = Localizable;
			sourceTree = "<group>";
		};
		FB2B82E825DAA3C40093969D /* Tabbar */ = {
			isa = PBXGroup;
			children = (
				FB2B82E925DAA3EB0093969D /* TabbarView.swift */,
			);
			path = Tabbar;
			sourceTree = "<group>";
		};
		FB2B82EE25DAA3F30093969D /* Main */ = {
			isa = PBXGroup;
			children = (
				FB2B829925DA894E0093969D /* RateMeApp.swift */,
				FB2B829A25DA894E0093969D /* InitialView.swift */,
			);
			path = Main;
			sourceTree = "<group>";
		};
/* End PBXGroup section */

/* Begin PBXNativeTarget section */
		FB2B829F25DA894F0093969D /* RateMe (iOS) */ = {
			isa = PBXNativeTarget;
			buildConfigurationList = FB2B82B425DA894F0093969D /* Build configuration list for PBXNativeTarget "RateMe (iOS)" */;
			buildPhases = (
				FB2B829C25DA894F0093969D /* Sources */,
				FB2B829D25DA894F0093969D /* Frameworks */,
				FB2B829E25DA894F0093969D /* Resources */,
			);
			buildRules = (
			);
			dependencies = (
			);
			name = "RateMe (iOS)";
			productName = "RateMe (iOS)";
			productReference = FB2B82A025DA894F0093969D /* RateMe.app */;
			productType = "com.apple.product-type.application";
		};
		FB2B82A725DA894F0093969D /* RateMe (macOS) */ = {
			isa = PBXNativeTarget;
			buildConfigurationList = FB2B82B725DA894F0093969D /* Build configuration list for PBXNativeTarget "RateMe (macOS)" */;
			buildPhases = (
				FB2B82A425DA894F0093969D /* Sources */,
				FB2B82A525DA894F0093969D /* Frameworks */,
				FB2B82A625DA894F0093969D /* Resources */,
			);
			buildRules = (
			);
			dependencies = (
			);
			name = "RateMe (macOS)";
			productName = "RateMe (macOS)";
			productReference = FB2B82A825DA894F0093969D /* RateMe.app */;
			productType = "com.apple.product-type.application";
		};
/* End PBXNativeTarget section */

/* Begin PBXProject section */
		FB2B829425DA894D0093969D /* Project object */ = {
			isa = PBXProject;
			attributes = {
				LastSwiftUpdateCheck = 1240;
				LastUpgradeCheck = 1240;
				TargetAttributes = {
					FB2B829F25DA894F0093969D = {
						CreatedOnToolsVersion = 12.4;
					};
					FB2B82A725DA894F0093969D = {
						CreatedOnToolsVersion = 12.4;
					};
				};
			};
			buildConfigurationList = FB2B829725DA894D0093969D /* Build configuration list for PBXProject "RateMe" */;
			compatibilityVersion = "Xcode 9.3";
			developmentRegion = en;
			hasScannedForEncodings = 0;
			knownRegions = (
				en,
				ru,
				Base,
			);
			mainGroup = FB2B829325DA894D0093969D;
			productRefGroup = FB2B82A125DA894F0093969D /* Products */;
			projectDirPath = "";
			projectRoot = "";
			targets = (
				FB2B829F25DA894F0093969D /* RateMe (iOS) */,
				FB2B82A725DA894F0093969D /* RateMe (macOS) */,
			);
		};
/* End PBXProject section */

/* Begin PBXResourcesBuildPhase section */
		FB2B829E25DA894F0093969D /* Resources */ = {
			isa = PBXResourcesBuildPhase;
			buildActionMask = 2147483647;
			files = (
				FB2B82B025DA894F0093969D /* Assets.xcassets in Resources */,
				FB2B82FB25DAB2FB0093969D /* Localizable.strings in Resources */,
				FB2B82E225DA9ED70093969D /* Localizable.strings in Resources */,
			);
			runOnlyForDeploymentPostprocessing = 0;
		};
		FB2B82A625DA894F0093969D /* Resources */ = {
			isa = PBXResourcesBuildPhase;
			buildActionMask = 2147483647;
			files = (
				FB2B82B125DA894F0093969D /* Assets.xcassets in Resources */,
				FB2B82FC25DAB2FB0093969D /* Localizable.strings in Resources */,
				FB2B82E325DA9ED70093969D /* Localizable.strings in Resources */,
			);
			runOnlyForDeploymentPostprocessing = 0;
		};
/* End PBXResourcesBuildPhase section */

/* Begin PBXSourcesBuildPhase section */
		FB2B829C25DA894F0093969D /* Sources */ = {
			isa = PBXSourcesBuildPhase;
			buildActionMask = 2147483647;
			files = (
				FB2B82AE25DA894F0093969D /* InitialView.swift in Sources */,
				FB2B82AC25DA894F0093969D /* RateMeApp.swift in Sources */,
				FB2B82EA25DAA3EB0093969D /* TabbarView.swift in Sources */,
				FB2B82F225DAA4760093969D /* Icons.swift in Sources */,
				FB2B830225DAB4B20093969D /* Localizable.swift in Sources */,
				FB2B82C825DA90AD0093969D /* SidebarView.swift in Sources */,
			);
			runOnlyForDeploymentPostprocessing = 0;
		};
		FB2B82A425DA894F0093969D /* Sources */ = {
			isa = PBXSourcesBuildPhase;
			buildActionMask = 2147483647;
			files = (
				FB2B82AF25DA894F0093969D /* InitialView.swift in Sources */,
				FB2B82AD25DA894F0093969D /* RateMeApp.swift in Sources */,
				FB2B82EB25DAA3EB0093969D /* TabbarView.swift in Sources */,
				FB2B82F325DAA4760093969D /* Icons.swift in Sources */,
				FB2B830325DAB4B20093969D /* Localizable.swift in Sources */,
				FB2B82CB25DA92040093969D /* SidebarView.swift in Sources */,
			);
			runOnlyForDeploymentPostprocessing = 0;
		};
/* End PBXSourcesBuildPhase section */

/* Begin PBXVariantGroup section */
		FB2B82E525DA9ED70093969D /* Localizable.strings */ = {
			isa = PBXVariantGroup;
			children = (
				FB2B82E425DA9ED70093969D /* ru */,
			);
			name = Localizable.strings;
			path = Shared/Resources/Localizable;
			sourceTree = SOURCE_ROOT;
		};
		FB2B82FE25DAB2FB0093969D /* Localizable.strings */ = {
			isa = PBXVariantGroup;
			children = (
				FB2B82FD25DAB2FB0093969D /* en */,
			);
			name = Localizable.strings;
			path = Shared/Resources/Localizable;
			sourceTree = SOURCE_ROOT;
		};
/* End PBXVariantGroup section */

/* Begin XCBuildConfiguration section */
		FB2B82B225DA894F0093969D /* Debug */ = {
			isa = XCBuildConfiguration;
			buildSettings = {
				ALWAYS_SEARCH_USER_PATHS = NO;
				CLANG_ANALYZER_NONNULL = YES;
				CLANG_ANALYZER_NUMBER_OBJECT_CONVERSION = YES_AGGRESSIVE;
				CLANG_CXX_LANGUAGE_STANDARD = "gnu++14";
				CLANG_CXX_LIBRARY = "libc++";
				CLANG_ENABLE_MODULES = YES;
				CLANG_ENABLE_OBJC_ARC = YES;
				CLANG_ENABLE_OBJC_WEAK = YES;
				CLANG_WARN_BLOCK_CAPTURE_AUTORELEASING = YES;
				CLANG_WARN_BOOL_CONVERSION = YES;
				CLANG_WARN_COMMA = YES;
				CLANG_WARN_CONSTANT_CONVERSION = YES;
				CLANG_WARN_DEPRECATED_OBJC_IMPLEMENTATIONS = YES;
				CLANG_WARN_DIRECT_OBJC_ISA_USAGE = YES_ERROR;
				CLANG_WARN_DOCUMENTATION_COMMENTS = YES;
				CLANG_WARN_EMPTY_BODY = YES;
				CLANG_WARN_ENUM_CONVERSION = YES;
				CLANG_WARN_INFINITE_RECURSION = YES;
				CLANG_WARN_INT_CONVERSION = YES;
				CLANG_WARN_NON_LITERAL_NULL_CONVERSION = YES;
				CLANG_WARN_OBJC_IMPLICIT_RETAIN_SELF = YES;
				CLANG_WARN_OBJC_LITERAL_CONVERSION = YES;
				CLANG_WARN_OBJC_ROOT_CLASS = YES_ERROR;
				CLANG_WARN_QUOTED_INCLUDE_IN_FRAMEWORK_HEADER = YES;
				CLANG_WARN_RANGE_LOOP_ANALYSIS = YES;
				CLANG_WARN_STRICT_PROTOTYPES = YES;
				CLANG_WARN_SUSPICIOUS_MOVE = YES;
				CLANG_WARN_UNGUARDED_AVAILABILITY = YES_AGGRESSIVE;
				CLANG_WARN_UNREACHABLE_CODE = YES;
				CLANG_WARN__DUPLICATE_METHOD_MATCH = YES;
				COPY_PHASE_STRIP = NO;
				DEBUG_INFORMATION_FORMAT = dwarf;
				ENABLE_STRICT_OBJC_MSGSEND = YES;
				ENABLE_TESTABILITY = YES;
				GCC_C_LANGUAGE_STANDARD = gnu11;
				GCC_DYNAMIC_NO_PIC = NO;
				GCC_NO_COMMON_BLOCKS = YES;
				GCC_OPTIMIZATION_LEVEL = 0;
				GCC_PREPROCESSOR_DEFINITIONS = (
					"DEBUG=1",
					"$(inherited)",
				);
				GCC_WARN_64_TO_32_BIT_CONVERSION = YES;
				GCC_WARN_ABOUT_RETURN_TYPE = YES_ERROR;
				GCC_WARN_UNDECLARED_SELECTOR = YES;
				GCC_WARN_UNINITIALIZED_AUTOS = YES_AGGRESSIVE;
				GCC_WARN_UNUSED_FUNCTION = YES;
				GCC_WARN_UNUSED_VARIABLE = YES;
				IPHONEOS_DEPLOYMENT_TARGET = 14.1;
				MACOSX_DEPLOYMENT_TARGET = 11.0;
				MTL_ENABLE_DEBUG_INFO = INCLUDE_SOURCE;
				MTL_FAST_MATH = YES;
				ONLY_ACTIVE_ARCH = YES;
				SWIFT_ACTIVE_COMPILATION_CONDITIONS = DEBUG;
				SWIFT_OPTIMIZATION_LEVEL = "-Onone";
			};
			name = Debug;
		};
		FB2B82B325DA894F0093969D /* Release */ = {
			isa = XCBuildConfiguration;
			buildSettings = {
				ALWAYS_SEARCH_USER_PATHS = NO;
				CLANG_ANALYZER_NONNULL = YES;
				CLANG_ANALYZER_NUMBER_OBJECT_CONVERSION = YES_AGGRESSIVE;
				CLANG_CXX_LANGUAGE_STANDARD = "gnu++14";
				CLANG_CXX_LIBRARY = "libc++";
				CLANG_ENABLE_MODULES = YES;
				CLANG_ENABLE_OBJC_ARC = YES;
				CLANG_ENABLE_OBJC_WEAK = YES;
				CLANG_WARN_BLOCK_CAPTURE_AUTORELEASING = YES;
				CLANG_WARN_BOOL_CONVERSION = YES;
				CLANG_WARN_COMMA = YES;
				CLANG_WARN_CONSTANT_CONVERSION = YES;
				CLANG_WARN_DEPRECATED_OBJC_IMPLEMENTATIONS = YES;
				CLANG_WARN_DIRECT_OBJC_ISA_USAGE = YES_ERROR;
				CLANG_WARN_DOCUMENTATION_COMMENTS = YES;
				CLANG_WARN_EMPTY_BODY = YES;
				CLANG_WARN_ENUM_CONVERSION = YES;
				CLANG_WARN_INFINITE_RECURSION = YES;
				CLANG_WARN_INT_CONVERSION = YES;
				CLANG_WARN_NON_LITERAL_NULL_CONVERSION = YES;
				CLANG_WARN_OBJC_IMPLICIT_RETAIN_SELF = YES;
				CLANG_WARN_OBJC_LITERAL_CONVERSION = YES;
				CLANG_WARN_OBJC_ROOT_CLASS = YES_ERROR;
				CLANG_WARN_QUOTED_INCLUDE_IN_FRAMEWORK_HEADER = YES;
				CLANG_WARN_RANGE_LOOP_ANALYSIS = YES;
				CLANG_WARN_STRICT_PROTOTYPES = YES;
				CLANG_WARN_SUSPICIOUS_MOVE = YES;
				CLANG_WARN_UNGUARDED_AVAILABILITY = YES_AGGRESSIVE;
				CLANG_WARN_UNREACHABLE_CODE = YES;
				CLANG_WARN__DUPLICATE_METHOD_MATCH = YES;
				COPY_PHASE_STRIP = NO;
				DEBUG_INFORMATION_FORMAT = "dwarf-with-dsym";
				ENABLE_NS_ASSERTIONS = NO;
				ENABLE_STRICT_OBJC_MSGSEND = YES;
				GCC_C_LANGUAGE_STANDARD = gnu11;
				GCC_NO_COMMON_BLOCKS = YES;
				GCC_WARN_64_TO_32_BIT_CONVERSION = YES;
				GCC_WARN_ABOUT_RETURN_TYPE = YES_ERROR;
				GCC_WARN_UNDECLARED_SELECTOR = YES;
				GCC_WARN_UNINITIALIZED_AUTOS = YES_AGGRESSIVE;
				GCC_WARN_UNUSED_FUNCTION = YES;
				GCC_WARN_UNUSED_VARIABLE = YES;
				IPHONEOS_DEPLOYMENT_TARGET = 14.1;
				MACOSX_DEPLOYMENT_TARGET = 11.0;
				MTL_ENABLE_DEBUG_INFO = NO;
				MTL_FAST_MATH = YES;
				SWIFT_COMPILATION_MODE = wholemodule;
				SWIFT_OPTIMIZATION_LEVEL = "-O";
			};
			name = Release;
		};
		FB2B82B525DA894F0093969D /* Debug */ = {
			isa = XCBuildConfiguration;
			buildSettings = {
				ASSETCATALOG_COMPILER_APPICON_NAME = AppIcon;
				ASSETCATALOG_COMPILER_GLOBAL_ACCENT_COLOR_NAME = AccentColor;
				CODE_SIGN_ENTITLEMENTS = RateMe.entitlements;
				CODE_SIGN_STYLE = Automatic;
				DEVELOPMENT_TEAM = V28BYBPR3J;
				ENABLE_PREVIEWS = YES;
				INFOPLIST_FILE = iOS/Info.plist;
				IPHONEOS_DEPLOYMENT_TARGET = 14.1;
				LD_RUNPATH_SEARCH_PATHS = (
					"$(inherited)",
					"@executable_path/Frameworks",
				);
				PRODUCT_BUNDLE_IDENTIFIER = com.maksimkapitonov.RateMe.ios;
				PRODUCT_NAME = RateMe;
				SDKROOT = iphoneos;
				SUPPORTS_MACCATALYST = NO;
				SUPPORTS_MAC_DESIGNED_FOR_IPHONE_IPAD = NO;
				SWIFT_VERSION = 5.0;
				TARGETED_DEVICE_FAMILY = "1,2";
			};
			name = Debug;
		};
		FB2B82B625DA894F0093969D /* Release */ = {
			isa = XCBuildConfiguration;
			buildSettings = {
				ASSETCATALOG_COMPILER_APPICON_NAME = AppIcon;
				ASSETCATALOG_COMPILER_GLOBAL_ACCENT_COLOR_NAME = AccentColor;
				CODE_SIGN_ENTITLEMENTS = RateMe.entitlements;
				CODE_SIGN_STYLE = Automatic;
				DEVELOPMENT_TEAM = V28BYBPR3J;
				ENABLE_PREVIEWS = YES;
				INFOPLIST_FILE = iOS/Info.plist;
				IPHONEOS_DEPLOYMENT_TARGET = 14.1;
				LD_RUNPATH_SEARCH_PATHS = (
					"$(inherited)",
					"@executable_path/Frameworks",
				);
				PRODUCT_BUNDLE_IDENTIFIER = com.maksimkapitonov.RateMe.ios;
				PRODUCT_NAME = RateMe;
				SDKROOT = iphoneos;
				SUPPORTS_MACCATALYST = NO;
				SUPPORTS_MAC_DESIGNED_FOR_IPHONE_IPAD = NO;
				SWIFT_VERSION = 5.0;
				TARGETED_DEVICE_FAMILY = "1,2";
				VALIDATE_PRODUCT = YES;
			};
			name = Release;
		};
		FB2B82B825DA894F0093969D /* Debug */ = {
			isa = XCBuildConfiguration;
			buildSettings = {
				ASSETCATALOG_COMPILER_APPICON_NAME = AppIcon;
				ASSETCATALOG_COMPILER_GLOBAL_ACCENT_COLOR_NAME = AccentColor;
				CODE_SIGN_ENTITLEMENTS = macOS/macOS.entitlements;
				CODE_SIGN_STYLE = Automatic;
				COMBINE_HIDPI_IMAGES = YES;
				DEVELOPMENT_TEAM = V28BYBPR3J;
				ENABLE_HARDENED_RUNTIME = YES;
				ENABLE_PREVIEWS = YES;
				INFOPLIST_FILE = macOS/Info.plist;
				LD_RUNPATH_SEARCH_PATHS = (
					"$(inherited)",
					"@executable_path/../Frameworks",
				);
				MACOSX_DEPLOYMENT_TARGET = 11.0;
				PRODUCT_BUNDLE_IDENTIFIER = com.maksimkapitonov.RateMe.mac;
				PRODUCT_NAME = RateMe;
				SDKROOT = macosx;
				SWIFT_VERSION = 5.0;
			};
			name = Debug;
		};
		FB2B82B925DA894F0093969D /* Release */ = {
			isa = XCBuildConfiguration;
			buildSettings = {
				ASSETCATALOG_COMPILER_APPICON_NAME = AppIcon;
				ASSETCATALOG_COMPILER_GLOBAL_ACCENT_COLOR_NAME = AccentColor;
				CODE_SIGN_ENTITLEMENTS = macOS/macOS.entitlements;
				CODE_SIGN_STYLE = Automatic;
				COMBINE_HIDPI_IMAGES = YES;
				DEVELOPMENT_TEAM = V28BYBPR3J;
				ENABLE_HARDENED_RUNTIME = YES;
				ENABLE_PREVIEWS = YES;
				INFOPLIST_FILE = macOS/Info.plist;
				LD_RUNPATH_SEARCH_PATHS = (
					"$(inherited)",
					"@executable_path/../Frameworks",
				);
				MACOSX_DEPLOYMENT_TARGET = 11.0;
				PRODUCT_BUNDLE_IDENTIFIER = com.maksimkapitonov.RateMe.mac;
				PRODUCT_NAME = RateMe;
				SDKROOT = macosx;
				SWIFT_VERSION = 5.0;
			};
			name = Release;
		};
/* End XCBuildConfiguration section */

/* Begin XCConfigurationList section */
		FB2B829725DA894D0093969D /* Build configuration list for PBXProject "RateMe" */ = {
			isa = XCConfigurationList;
			buildConfigurations = (
				FB2B82B225DA894F0093969D /* Debug */,
				FB2B82B325DA894F0093969D /* Release */,
			);
			defaultConfigurationIsVisible = 0;
			defaultConfigurationName = Release;
		};
		FB2B82B425DA894F0093969D /* Build configuration list for PBXNativeTarget "RateMe (iOS)" */ = {
			isa = XCConfigurationList;
			buildConfigurations = (
				FB2B82B525DA894F0093969D /* Debug */,
				FB2B82B625DA894F0093969D /* Release */,
			);
			defaultConfigurationIsVisible = 0;
			defaultConfigurationName = Release;
		};
		FB2B82B725DA894F0093969D /* Build configuration list for PBXNativeTarget "RateMe (macOS)" */ = {
			isa = XCConfigurationList;
			buildConfigurations = (
				FB2B82B825DA894F0093969D /* Debug */,
				FB2B82B925DA894F0093969D /* Release */,
			);
			defaultConfigurationIsVisible = 0;
			defaultConfigurationName = Release;
		};
/* End XCConfigurationList section */
	};
	rootObject = FB2B829425DA894D0093969D /* Project object */;
}
